// !$*UTF8*$!
{
	archiveVersion = 1;
	classes = {
	};
	objectVersion = 54;
	objects = {

/* Begin PBXBuildFile section */
		584F8A13271A497D00098167 /* HeaderTableTableViewController.swift in Sources */ = {isa = PBXBuildFile; fileRef = 584F8A12271A497D00098167 /* HeaderTableTableViewController.swift */; };
		584F8A16271A4BFE00098167 /* Modelo.swift in Sources */ = {isa = PBXBuildFile; fileRef = 584F8A15271A4BFE00098167 /* Modelo.swift */; };
		584F8A1F271A567100098167 /* Siguiente.swift in Sources */ = {isa = PBXBuildFile; fileRef = 584F8A1E271A567100098167 /* Siguiente.swift */; };
		ACA07ADC271113B500DA0A39 /* AppDelegate.swift in Sources */ = {isa = PBXBuildFile; fileRef = ACA07ADB271113B500DA0A39 /* AppDelegate.swift */; };
		ACA07ADE271113B500DA0A39 /* SceneDelegate.swift in Sources */ = {isa = PBXBuildFile; fileRef = ACA07ADD271113B500DA0A39 /* SceneDelegate.swift */; };
		ACA07AE0271113B500DA0A39 /* ViewController.swift in Sources */ = {isa = PBXBuildFile; fileRef = ACA07ADF271113B500DA0A39 /* ViewController.swift */; };
		ACA07AE3271113B500DA0A39 /* Main.storyboard in Resources */ = {isa = PBXBuildFile; fileRef = ACA07AE1271113B500DA0A39 /* Main.storyboard */; };
		ACA07AE5271113B700DA0A39 /* Assets.xcassets in Resources */ = {isa = PBXBuildFile; fileRef = ACA07AE4271113B700DA0A39 /* Assets.xcassets */; };
		ACA07AE8271113B700DA0A39 /* LaunchScreen.storyboard in Resources */ = {isa = PBXBuildFile; fileRef = ACA07AE6271113B700DA0A39 /* LaunchScreen.storyboard */; };
		ACA07AF127111D3500DA0A39 /* TableIndicatorViewController.swift in Sources */ = {isa = PBXBuildFile; fileRef = ACA07AF027111D3500DA0A39 /* TableIndicatorViewController.swift */; };
/* End PBXBuildFile section */

/* Begin PBXFileReference section */
		584F8A12271A497D00098167 /* HeaderTableTableViewController.swift */ = {isa = PBXFileReference; lastKnownFileType = sourcecode.swift; path = HeaderTableTableViewController.swift; sourceTree = "<group>"; };
		584F8A15271A4BFE00098167 /* Modelo.swift */ = {isa = PBXFileReference; lastKnownFileType = sourcecode.swift; path = Modelo.swift; sourceTree = "<group>"; };
		584F8A1E271A567100098167 /* Siguiente.swift */ = {isa = PBXFileReference; lastKnownFileType = sourcecode.swift; path = Siguiente.swift; sourceTree = "<group>"; };
		ACA07AD8271113B500DA0A39 /* app6-TableView.app */ = {isa = PBXFileReference; explicitFileType = wrapper.application; includeInIndex = 0; path = "app6-TableView.app"; sourceTree = BUILT_PRODUCTS_DIR; };
		ACA07ADB271113B500DA0A39 /* AppDelegate.swift */ = {isa = PBXFileReference; lastKnownFileType = sourcecode.swift; path = AppDelegate.swift; sourceTree = "<group>"; };
		ACA07ADD271113B500DA0A39 /* SceneDelegate.swift */ = {isa = PBXFileReference; lastKnownFileType = sourcecode.swift; path = SceneDelegate.swift; sourceTree = "<group>"; };
		ACA07ADF271113B500DA0A39 /* ViewController.swift */ = {isa = PBXFileReference; lastKnownFileType = sourcecode.swift; path = ViewController.swift; sourceTree = "<group>"; };
		ACA07AE2271113B500DA0A39 /* Base */ = {isa = PBXFileReference; lastKnownFileType = file.storyboard; name = Base; path = Base.lproj/Main.storyboard; sourceTree = "<group>"; };
		ACA07AE4271113B700DA0A39 /* Assets.xcassets */ = {isa = PBXFileReference; lastKnownFileType = folder.assetcatalog; path = Assets.xcassets; sourceTree = "<group>"; };
		ACA07AE7271113B700DA0A39 /* Base */ = {isa = PBXFileReference; lastKnownFileType = file.storyboard; name = Base; path = Base.lproj/LaunchScreen.storyboard; sourceTree = "<group>"; };
		ACA07AE9271113B700DA0A39 /* Info.plist */ = {isa = PBXFileReference; lastKnownFileType = text.plist.xml; path = Info.plist; sourceTree = "<group>"; };
		ACA07AF027111D3500DA0A39 /* TableIndicatorViewController.swift */ = {isa = PBXFileReference; lastKnownFileType = sourcecode.swift; path = TableIndicatorViewController.swift; sourceTree = "<group>"; };
/* End PBXFileReference section */

/* Begin PBXFrameworksBuildPhase section */
		ACA07AD5271113B500DA0A39 /* Frameworks */ = {
			isa = PBXFrameworksBuildPhase;
			buildActionMask = 2147483647;
			files = (
			);
			runOnlyForDeploymentPostprocessing = 0;
		};
/* End PBXFrameworksBuildPhase section */

/* Begin PBXGroup section */
		584F8A1A271A4F7700098167 /* Controllers */ = {
			isa = PBXGroup;
			children = (
				ACA07AF027111D3500DA0A39 /* TableIndicatorViewController.swift */,
				584F8A12271A497D00098167 /* HeaderTableTableViewController.swift */,
				ACA07ADF271113B500DA0A39 /* ViewController.swift */,
			);
			name = Controllers;
			sourceTree = "<group>";
		};
		584F8A1B271A4F9400098167 /* Models */ = {
			isa = PBXGroup;
			children = (
				584F8A15271A4BFE00098167 /* Modelo.swift */,
				584F8A1E271A567100098167 /* Siguiente.swift */,
			);
			name = Models;
			sourceTree = "<group>";
		};
		584F8A1C271A4FB000098167 /* Delegates */ = {
			isa = PBXGroup;
			children = (
				ACA07ADB271113B500DA0A39 /* AppDelegate.swift */,
				ACA07ADD271113B500DA0A39 /* SceneDelegate.swift */,
			);
			name = Delegates;
			sourceTree = "<group>";
		};
		ACA07ACF271113B500DA0A39 = {
			isa = PBXGroup;
			children = (
				ACA07ADA271113B500DA0A39 /* app6-TableView */,
				ACA07AD9271113B500DA0A39 /* Products */,
			);
			sourceTree = "<group>";
		};
		ACA07AD9271113B500DA0A39 /* Products */ = {
			isa = PBXGroup;
			children = (
				ACA07AD8271113B500DA0A39 /* app6-TableView.app */,
			);
			name = Products;
			sourceTree = "<group>";
		};
		ACA07ADA271113B500DA0A39 /* app6-TableView */ = {
			isa = PBXGroup;
			children = (
				584F8A1C271A4FB000098167 /* Delegates */,
				584F8A1B271A4F9400098167 /* Models */,
				584F8A1A271A4F7700098167 /* Controllers */,
				ACA07AE1271113B500DA0A39 /* Main.storyboard */,
				ACA07AE4271113B700DA0A39 /* Assets.xcassets */,
				ACA07AE6271113B700DA0A39 /* LaunchScreen.storyboard */,
				ACA07AE9271113B700DA0A39 /* Info.plist */,
			);
			path = "app6-TableView";
			sourceTree = "<group>";
		};
/* End PBXGroup section */

/* Begin PBXNativeTarget section */
		ACA07AD7271113B500DA0A39 /* app6-TableView */ = {
			isa = PBXNativeTarget;
			buildConfigurationList = ACA07AEC271113B700DA0A39 /* Build configuration list for PBXNativeTarget "app6-TableView" */;
			buildPhases = (
				ACA07AD4271113B500DA0A39 /* Sources */,
				ACA07AD5271113B500DA0A39 /* Frameworks */,
				ACA07AD6271113B500DA0A39 /* Resources */,
			);
			buildRules = (
			);
			dependencies = (
			);
			name = "app6-TableView";
			productName = "app6-TableView";
			productReference = ACA07AD8271113B500DA0A39 /* app6-TableView.app */;
			productType = "com.apple.product-type.application";
		};
/* End PBXNativeTarget section */

/* Begin PBXProject section */
		ACA07AD0271113B500DA0A39 /* Project object */ = {
			isa = PBXProject;
			attributes = {
				LastSwiftUpdateCheck = 1240;
				LastUpgradeCheck = 1240;
				TargetAttributes = {
					ACA07AD7271113B500DA0A39 = {
						CreatedOnToolsVersion = 12.4;
					};
				};
			};
			buildConfigurationList = ACA07AD3271113B500DA0A39 /* Build configuration list for PBXProject "app6-TableView" */;
			compatibilityVersion = "Xcode 12.0";
			developmentRegion = en;
			hasScannedForEncodings = 0;
			knownRegions = (
				en,
				Base,
			);
			mainGroup = ACA07ACF271113B500DA0A39;
			productRefGroup = ACA07AD9271113B500DA0A39 /* Products */;
			projectDirPath = "";
			projectRoot = "";
			targets = (
				ACA07AD7271113B500DA0A39 /* app6-TableView */,
			);
		};
/* End PBXProject section */

/* Begin PBXResourcesBuildPhase section */
		ACA07AD6271113B500DA0A39 /* Resources */ = {
			isa = PBXResourcesBuildPhase;
			buildActionMask = 2147483647;
			files = (
				ACA07AE8271113B700DA0A39 /* LaunchScreen.storyboard in Resources */,
				ACA07AE5271113B700DA0A39 /* Assets.xcassets in Resources */,
				ACA07AE3271113B500DA0A39 /* Main.storyboard in Resources */,
			);
			runOnlyForDeploymentPostprocessing = 0;
		};
/* End PBXResourcesBuildPhase section */

/* Begin PBXSourcesBuildPhase section */
		ACA07AD4271113B500DA0A39 /* Sources */ = {
			isa = PBXSourcesBuildPhase;
			buildActionMask = 2147483647;
			files = (
				ACA07AE0271113B500DA0A39 /* ViewController.swift in Sources */,
				ACA07AF127111D3500DA0A39 /* TableIndicatorViewController.swift in Sources */,
				ACA07ADC271113B500DA0A39 /* AppDelegate.swift in Sources */,
				584F8A16271A4BFE00098167 /* Modelo.swift in Sources */,
				584F8A1F271A567100098167 /* Siguiente.swift in Sources */,
				584F8A13271A497D00098167 /* HeaderTableTableViewController.swift in Sources */,
				ACA07ADE271113B500DA0A39 /* SceneDelegate.swift in Sources */,
			);
			runOnlyForDeploymentPostprocessing = 0;
		};
/* End PBXSourcesBuildPhase section */

/* Begin PBXVariantGroup section */
		ACA07AE1271113B500DA0A39 /* Main.storyboard */ = {
			isa = PBXVariantGroup;
			children = (
				ACA07AE2271113B500DA0A39 /* Base */,
			);
			name = Main.storyboard;
			sourceTree = "<group>";
		};
		ACA07AE6271113B700DA0A39 /* LaunchScreen.storyboard */ = {
			isa = PBXVariantGroup;
			children = (
				ACA07AE7271113B700DA0A39 /* Base */,
			);
			name = LaunchScreen.storyboard;
			sourceTree = "<group>";
		};
/* End PBXVariantGroup section */

/* Begin XCBuildConfiguration section */
		ACA07AEA271113B700DA0A39 /* Debug */ = {
			isa = XCBuildConfiguration;
			buildSettings = {
				ALWAYS_SEARCH_USER_PATHS = NO;
				CLANG_ANALYZER_NONNULL = YES;
				CLANG_ANALYZER_NUMBER_OBJECT_CONVERSION = YES_AGGRESSIVE;
				CLANG_CXX_LANGUAGE_STANDARD = "gnu++14";
				CLANG_CXX_LIBRARY = "libc++";
				CLANG_ENABLE_MODULES = YES;
				CLANG_ENABLE_OBJC_ARC = YES;
				CLANG_ENABLE_OBJC_WEAK = YES;
				CLANG_WARN_BLOCK_CAPTURE_AUTORELEASING = YES;
				CLANG_WARN_BOOL_CONVERSION = YES;
				CLANG_WARN_COMMA = YES;
				CLANG_WARN_CONSTANT_CONVERSION = YES;
				CLANG_WARN_DEPRECATED_OBJC_IMPLEMENTATIONS = YES;
				CLANG_WARN_DIRECT_OBJC_ISA_USAGE = YES_ERROR;
				CLANG_WARN_DOCUMENTATION_COMMENTS = YES;
				CLANG_WARN_EMPTY_BODY = YES;
				CLANG_WARN_ENUM_CONVERSION = YES;
				CLANG_WARN_INFINITE_RECURSION = YES;
				CLANG_WARN_INT_CONVERSION = YES;
				CLANG_WARN_NON_LITERAL_NULL_CONVERSION = YES;
				CLANG_WARN_OBJC_IMPLICIT_RETAIN_SELF = YES;
				CLANG_WARN_OBJC_LITERAL_CONVERSION = YES;
				CLANG_WARN_OBJC_ROOT_CLASS = YES_ERROR;
				CLANG_WARN_QUOTED_INCLUDE_IN_FRAMEWORK_HEADER = YES;
				CLANG_WARN_RANGE_LOOP_ANALYSIS = YES;
				CLANG_WARN_STRICT_PROTOTYPES = YES;
				CLANG_WARN_SUSPICIOUS_MOVE = YES;
				CLANG_WARN_UNGUARDED_AVAILABILITY = YES_AGGRESSIVE;
				CLANG_WARN_UNREACHABLE_CODE = YES;
				CLANG_WARN__DUPLICATE_METHOD_MATCH = YES;
				COPY_PHASE_STRIP = NO;
				DEBUG_INFORMATION_FORMAT = dwarf;
				ENABLE_STRICT_OBJC_MSGSEND = YES;
				ENABLE_TESTABILITY = YES;
				GCC_C_LANGUAGE_STANDARD = gnu11;
				GCC_DYNAMIC_NO_PIC = NO;
				GCC_NO_COMMON_BLOCKS = YES;
				GCC_OPTIMIZATION_LEVEL = 0;
				GCC_PREPROCESSOR_DEFINITIONS = (
					"DEBUG=1",
					"$(inherited)",
				);
				GCC_WARN_64_TO_32_BIT_CONVERSION = YES;
				GCC_WARN_ABOUT_RETURN_TYPE = YES_ERROR;
				GCC_WARN_UNDECLARED_SELECTOR = YES;
				GCC_WARN_UNINITIALIZED_AUTOS = YES_AGGRESSIVE;
				GCC_WARN_UNUSED_FUNCTION = YES;
				GCC_WARN_UNUSED_VARIABLE = YES;
				IPHONEOS_DEPLOYMENT_TARGET = 14.4;
				MTL_ENABLE_DEBUG_INFO = INCLUDE_SOURCE;
				MTL_FAST_MATH = YES;
				ONLY_ACTIVE_ARCH = YES;
				SDKROOT = iphoneos;
				SWIFT_ACTIVE_COMPILATION_CONDITIONS = DEBUG;
				SWIFT_OPTIMIZATION_LEVEL = "-Onone";
			};
			name = Debug;
		};
		ACA07AEB271113B700DA0A39 /* Release */ = {
			isa = XCBuildConfiguration;
			buildSettings = {
				ALWAYS_SEARCH_USER_PATHS = NO;
				CLANG_ANALYZER_NONNULL = YES;
				CLANG_ANALYZER_NUMBER_OBJECT_CONVERSION = YES_AGGRESSIVE;
				CLANG_CXX_LANGUAGE_STANDARD = "gnu++14";
				CLANG_CXX_LIBRARY = "libc++";
				CLANG_ENABLE_MODULES = YES;
				CLANG_ENABLE_OBJC_ARC = YES;
				CLANG_ENABLE_OBJC_WEAK = YES;
				CLANG_WARN_BLOCK_CAPTURE_AUTORELEASING = YES;
				CLANG_WARN_BOOL_CONVERSION = YES;
				CLANG_WARN_COMMA = YES;
				CLANG_WARN_CONSTANT_CONVERSION = YES;
				CLANG_WARN_DEPRECATED_OBJC_IMPLEMENTATIONS = YES;
				CLANG_WARN_DIRECT_OBJC_ISA_USAGE = YES_ERROR;
				CLANG_WARN_DOCUMENTATION_COMMENTS = YES;
				CLANG_WARN_EMPTY_BODY = YES;
				CLANG_WARN_ENUM_CONVERSION = YES;
				CLANG_WARN_INFINITE_RECURSION = YES;
				CLANG_WARN_INT_CONVERSION = YES;
				CLANG_WARN_NON_LITERAL_NULL_CONVERSION = YES;
				CLANG_WARN_OBJC_IMPLICIT_RETAIN_SELF = YES;
				CLANG_WARN_OBJC_LITERAL_CONVERSION = YES;
				CLANG_WARN_OBJC_ROOT_CLASS = YES_ERROR;
				CLANG_WARN_QUOTED_INCLUDE_IN_FRAMEWORK_HEADER = YES;
				CLANG_WARN_RANGE_LOOP_ANALYSIS = YES;
				CLANG_WARN_STRICT_PROTOTYPES = YES;
				CLANG_WARN_SUSPICIOUS_MOVE = YES;
				CLANG_WARN_UNGUARDED_AVAILABILITY = YES_AGGRESSIVE;
				CLANG_WARN_UNREACHABLE_CODE = YES;
				CLANG_WARN__DUPLICATE_METHOD_MATCH = YES;
				COPY_PHASE_STRIP = NO;
				DEBUG_INFORMATION_FORMAT = "dwarf-with-dsym";
				ENABLE_NS_ASSERTIONS = NO;
				ENABLE_STRICT_OBJC_MSGSEND = YES;
				GCC_C_LANGUAGE_STANDARD = gnu11;
				GCC_NO_COMMON_BLOCKS = YES;
				GCC_WARN_64_TO_32_BIT_CONVERSION = YES;
				GCC_WARN_ABOUT_RETURN_TYPE = YES_ERROR;
				GCC_WARN_UNDECLARED_SELECTOR = YES;
				GCC_WARN_UNINITIALIZED_AUTOS = YES_AGGRESSIVE;
				GCC_WARN_UNUSED_FUNCTION = YES;
				GCC_WARN_UNUSED_VARIABLE = YES;
				IPHONEOS_DEPLOYMENT_TARGET = 14.4;
				MTL_ENABLE_DEBUG_INFO = NO;
				MTL_FAST_MATH = YES;
				SDKROOT = iphoneos;
				SWIFT_COMPILATION_MODE = wholemodule;
				SWIFT_OPTIMIZATION_LEVEL = "-O";
				VALIDATE_PRODUCT = YES;
			};
			name = Release;
		};
		ACA07AED271113B700DA0A39 /* Debug */ = {
			isa = XCBuildConfiguration;
			buildSettings = {
				ASSETCATALOG_COMPILER_APPICON_NAME = AppIcon;
				ASSETCATALOG_COMPILER_GLOBAL_ACCENT_COLOR_NAME = AccentColor;
				CODE_SIGN_IDENTITY = "Apple Development";
				CODE_SIGN_STYLE = Automatic;
				DEVELOPMENT_TEAM = T57F4TVR74;
				INFOPLIST_FILE = "app6-TableView/Info.plist";
				LD_RUNPATH_SEARCH_PATHS = (
					"$(inherited)",
					"@executable_path/Frameworks",
				);
				PRODUCT_BUNDLE_IDENTIFIER = "MarioTorresE.app6-TableView";
				PRODUCT_NAME = "$(TARGET_NAME)";
				PROVISIONING_PROFILE_SPECIFIER = "";
				SWIFT_VERSION = 5.0;
				TARGETED_DEVICE_FAMILY = "1,2";
			};
			name = Debug;
		};
		ACA07AEE271113B700DA0A39 /* Release */ = {
			isa = XCBuildConfiguration;
			buildSettings = {
				ASSETCATALOG_COMPILER_APPICON_NAME = AppIcon;
				ASSETCATALOG_COMPILER_GLOBAL_ACCENT_COLOR_NAME = AccentColor;
				CODE_SIGN_IDENTITY = "Apple Development";
				CODE_SIGN_STYLE = Automatic;
				DEVELOPMENT_TEAM = T57F4TVR74;
				INFOPLIST_FILE = "app6-TableView/Info.plist";
				LD_RUNPATH_SEARCH_PATHS = (
					"$(inherited)",
					"@executable_path/Frameworks",
				);
				PRODUCT_BUNDLE_IDENTIFIER = "MarioTorresE.app6-TableView";
				PRODUCT_NAME = "$(TARGET_NAME)";
				PROVISIONING_PROFILE_SPECIFIER = "";
				SWIFT_VERSION = 5.0;
				TARGETED_DEVICE_FAMILY = "1,2";
			};
			name = Release;
		};
/* End XCBuildConfiguration section */

/* Begin XCConfigurationList section */
		ACA07AD3271113B500DA0A39 /* Build configuration list for PBXProject "app6-TableView" */ = {
			isa = XCConfigurationList;
			buildConfigurations = (
				ACA07AEA271113B700DA0A39 /* Debug */,
				ACA07AEB271113B700DA0A39 /* Release */,
			);
			defaultConfigurationIsVisible = 0;
			defaultConfigurationName = Release;
		};
		ACA07AEC271113B700DA0A39 /* Build configuration list for PBXNativeTarget "app6-TableView" */ = {
			isa = XCConfigurationList;
			buildConfigurations = (
				ACA07AED271113B700DA0A39 /* Debug */,
				ACA07AEE271113B700DA0A39 /* Release */,
			);
			defaultConfigurationIsVisible = 0;
			defaultConfigurationName = Release;
		};
/* End XCConfigurationList section */
	};
	rootObject = ACA07AD0271113B500DA0A39 /* Project object */;
}
